// !$*UTF8*$!
{
	archiveVersion = 1;
	classes = {
	};
	objectVersion = 46;
	objects = {

/* Begin PBXBuildFile section */
		97705D151EF9B2C90015B1EC /* AppDelegate.swift in Sources */ = {isa = PBXBuildFile; fileRef = 97705D141EF9B2C90015B1EC /* AppDelegate.swift */; };
		97705D171EF9B2C90015B1EC /* ViewController.swift in Sources */ = {isa = PBXBuildFile; fileRef = 97705D161EF9B2C90015B1EC /* ViewController.swift */; };
		97705D1A1EF9B2C90015B1EC /* Main.storyboard in Resources */ = {isa = PBXBuildFile; fileRef = 97705D181EF9B2C90015B1EC /* Main.storyboard */; };
		97705D1C1EF9B2C90015B1EC /* Assets.xcassets in Resources */ = {isa = PBXBuildFile; fileRef = 97705D1B1EF9B2C90015B1EC /* Assets.xcassets */; };
		97705D1F1EF9B2C90015B1EC /* LaunchScreen.storyboard in Resources */ = {isa = PBXBuildFile; fileRef = 97705D1D1EF9B2C90015B1EC /* LaunchScreen.storyboard */; };
/* End PBXBuildFile section */

/* Begin PBXFileReference section */
		97705D111EF9B2C90015B1EC /* TODO LIST.app */ = {isa = PBXFileReference; explicitFileType = wrapper.application; includeInIndex = 0; path = "TODO LIST.app"; sourceTree = BUILT_PRODUCTS_DIR; };
		97705D141EF9B2C90015B1EC /* AppDelegate.swift */ = {isa = PBXFileReference; lastKnownFileType = sourcecode.swift; path = AppDelegate.swift; sourceTree = "<group>"; };
		97705D161EF9B2C90015B1EC /* ViewController.swift */ = {isa = PBXFileReference; lastKnownFileType = sourcecode.swift; path = ViewController.swift; sourceTree = "<group>"; };
		97705D191EF9B2C90015B1EC /* Base */ = {isa = PBXFileReference; lastKnownFileType = file.storyboard; name = Base; path = Base.lproj/Main.storyboard; sourceTree = "<group>"; };
		97705D1B1EF9B2C90015B1EC /* Assets.xcassets */ = {isa = PBXFileReference; lastKnownFileType = folder.assetcatalog; path = Assets.xcassets; sourceTree = "<group>"; };
		97705D1E1EF9B2C90015B1EC /* Base */ = {isa = PBXFileReference; lastKnownFileType = file.storyboard; name = Base; path = Base.lproj/LaunchScreen.storyboard; sourceTree = "<group>"; };
		97705D201EF9B2C90015B1EC /* Info.plist */ = {isa = PBXFileReference; lastKnownFileType = text.plist.xml; path = Info.plist; sourceTree = "<group>"; };
/* End PBXFileReference section */

/* Begin PBXFrameworksBuildPhase section */
		97705D0E1EF9B2C90015B1EC /* Frameworks */ = {
			isa = PBXFrameworksBuildPhase;
			buildActionMask = 2147483647;
			files = (
			);
			runOnlyForDeploymentPostprocessing = 0;
		};
/* End PBXFrameworksBuildPhase section */

/* Begin PBXGroup section */
		97705D081EF9B2C90015B1EC = {
			isa = PBXGroup;
			children = (
				97705D131EF9B2C90015B1EC /* TODO LIST */,
				97705D121EF9B2C90015B1EC /* Products */,
			);
			sourceTree = "<group>";
		};
		97705D121EF9B2C90015B1EC /* Products */ = {
			isa = PBXGroup;
			children = (
				97705D111EF9B2C90015B1EC /* TODO LIST.app */,
			);
			name = Products;
			sourceTree = "<group>";
		};
		97705D131EF9B2C90015B1EC /* TODO LIST */ = {
			isa = PBXGroup;
			children = (
				97705D141EF9B2C90015B1EC /* AppDelegate.swift */,
				97705D161EF9B2C90015B1EC /* ViewController.swift */,
				97705D181EF9B2C90015B1EC /* Main.storyboard */,
				97705D1B1EF9B2C90015B1EC /* Assets.xcassets */,
				97705D1D1EF9B2C90015B1EC /* LaunchScreen.storyboard */,
				97705D201EF9B2C90015B1EC /* Info.plist */,
			);
			path = "TODO LIST";
			sourceTree = "<group>";
		};
/* End PBXGroup section */

/* Begin PBXNativeTarget section */
		97705D101EF9B2C90015B1EC /* TODO LIST */ = {
			isa = PBXNativeTarget;
			buildConfigurationList = 97705D231EF9B2C90015B1EC /* Build configuration list for PBXNativeTarget "TODO LIST" */;
			buildPhases = (
				97705D0D1EF9B2C90015B1EC /* Sources */,
				97705D0E1EF9B2C90015B1EC /* Frameworks */,
				97705D0F1EF9B2C90015B1EC /* Resources */,
			);
			buildRules = (
			);
			dependencies = (
			);
			name = "TODO LIST";
			productName = "TODO LIST";
			productReference = 97705D111EF9B2C90015B1EC /* TODO LIST.app */;
			productType = "com.apple.product-type.application";
		};
/* End PBXNativeTarget section */

/* Begin PBXProject section */
		97705D091EF9B2C90015B1EC /* Project object */ = {
			isa = PBXProject;
			attributes = {
				LastSwiftUpdateCheck = 0830;
				LastUpgradeCheck = 0830;
				ORGANIZATIONNAME = "Isaias Fernandes";
				TargetAttributes = {
					97705D101EF9B2C90015B1EC = {
						CreatedOnToolsVersion = 8.3.3;
						DevelopmentTeam = RT5RW3DL77;
						ProvisioningStyle = Automatic;
					};
				};
			};
			buildConfigurationList = 97705D0C1EF9B2C90015B1EC /* Build configuration list for PBXProject "TODO LIST" */;
			compatibilityVersion = "Xcode 3.2";
			developmentRegion = English;
			hasScannedForEncodings = 0;
			knownRegions = (
				en,
				Base,
			);
			mainGroup = 97705D081EF9B2C90015B1EC;
			productRefGroup = 97705D121EF9B2C90015B1EC /* Products */;
			projectDirPath = "";
			projectRoot = "";
			targets = (
				97705D101EF9B2C90015B1EC /* TODO LIST */,
			);
		};
/* End PBXProject section */

/* Begin PBXResourcesBuildPhase section */
		97705D0F1EF9B2C90015B1EC /* Resources */ = {
			isa = PBXResourcesBuildPhase;
			buildActionMask = 2147483647;
			files = (
				97705D1F1EF9B2C90015B1EC /* LaunchScreen.storyboard in Resources */,
				97705D1C1EF9B2C90015B1EC /* Assets.xcassets in Resources */,
				97705D1A1EF9B2C90015B1EC /* Main.storyboard in Resources */,
			);
			runOnlyForDeploymentPostprocessing = 0;
		};
/* End PBXResourcesBuildPhase section */

/* Begin PBXSourcesBuildPhase section */
		97705D0D1EF9B2C90015B1EC /* Sources */ = {
			isa = PBXSourcesBuildPhase;
			buildActionMask = 2147483647;
			files = (
				97705D171EF9B2C90015B1EC /* ViewController.swift in Sources */,
				97705D151EF9B2C90015B1EC /* AppDelegate.swift in Sources */,
			);
			runOnlyForDeploymentPostprocessing = 0;
		};
/* End PBXSourcesBuildPhase section */

/* Begin PBXVariantGroup section */
		97705D181EF9B2C90015B1EC /* Main.storyboard */ = {
			isa = PBXVariantGroup;
			children = (
				97705D191EF9B2C90015B1EC /* Base */,
			);
			name = Main.storyboard;
			sourceTree = "<group>";
		};
		97705D1D1EF9B2C90015B1EC /* LaunchScreen.storyboard */ = {
			isa = PBXVariantGroup;
			children = (
				97705D1E1EF9B2C90015B1EC /* Base */,
			);
			name = LaunchScreen.storyboard;
			sourceTree = "<group>";
		};
/* End PBXVariantGroup section */

/* Begin XCBuildConfiguration section */
		97705D211EF9B2C90015B1EC /* Debug */ = {
			isa = XCBuildConfiguration;
			buildSettings = {
				ALWAYS_SEARCH_USER_PATHS = NO;
				CLANG_ANALYZER_NONNULL = YES;
				CLANG_ANALYZER_NUMBER_OBJECT_CONVERSION = YES_AGGRESSIVE;
				CLANG_CXX_LANGUAGE_STANDARD = "gnu++0x";
				CLANG_CXX_LIBRARY = "libc++";
				CLANG_ENABLE_MODULES = YES;
				CLANG_ENABLE_OBJC_ARC = YES;
				CLANG_WARN_BOOL_CONVERSION = YES;
				CLANG_WARN_CONSTANT_CONVERSION = YES;
				CLANG_WARN_DIRECT_OBJC_ISA_USAGE = YES_ERROR;
				CLANG_WARN_DOCUMENTATION_COMMENTS = YES;
				CLANG_WARN_EMPTY_BODY = YES;
				CLANG_WARN_ENUM_CONVERSION = YES;
				CLANG_WARN_INFINITE_RECURSION = YES;
				CLANG_WARN_INT_CONVERSION = YES;
				CLANG_WARN_OBJC_ROOT_CLASS = YES_ERROR;
				CLANG_WARN_SUSPICIOUS_MOVE = YES;
				CLANG_WARN_UNREACHABLE_CODE = YES;
				CLANG_WARN__DUPLICATE_METHOD_MATCH = YES;
				"CODE_SIGN_IDENTITY[sdk=iphoneos*]" = "iPhone Developer";
				COPY_PHASE_STRIP = NO;
				DEBUG_INFORMATION_FORMAT = dwarf;
				ENABLE_STRICT_OBJC_MSGSEND = YES;
				ENABLE_TESTABILITY = YES;
				GCC_C_LANGUAGE_STANDARD = gnu99;
				GCC_DYNAMIC_NO_PIC = NO;
				GCC_NO_COMMON_BLOCKS = YES;
				GCC_OPTIMIZATION_LEVEL = 0;
				GCC_PREPROCESSOR_DEFINITIONS = (
					"DEBUG=1",
					"$(inherited)",
				);
				GCC_WARN_64_TO_32_BIT_CONVERSION = YES;
				GCC_WARN_ABOUT_RETURN_TYPE = YES_ERROR;
				GCC_WARN_UNDECLARED_SELECTOR = YES;
				GCC_WARN_UNINITIALIZED_AUTOS = YES_AGGRESSIVE;
				GCC_WARN_UNUSED_FUNCTION = YES;
				GCC_WARN_UNUSED_VARIABLE = YES;
				IPHONEOS_DEPLOYMENT_TARGET = 10.3;
				MTL_ENABLE_DEBUG_INFO = YES;
				ONLY_ACTIVE_ARCH = YES;
				SDKROOT = iphoneos;
				SWIFT_ACTIVE_COMPILATION_CONDITIONS = DEBUG;
				SWIFT_OPTIMIZATION_LEVEL = "-Onone";
				TARGETED_DEVICE_FAMILY = "1,2";
			};
			name = Debug;
		};
		97705D221EF9B2C90015B1EC /* Release */ = {
			isa = XCBuildConfiguration;
			buildSettings = {
				ALWAYS_SEARCH_USER_PATHS = NO;
				CLANG_ANALYZER_NONNULL = YES;
				CLANG_ANALYZER_NUMBER_OBJECT_CONVERSION = YES_AGGRESSIVE;
				CLANG_CXX_LANGUAGE_STANDARD = "gnu++0x";
				CLANG_CXX_LIBRARY = "libc++";
				CLANG_ENABLE_MODULES = YES;
				CLANG_ENABLE_OBJC_ARC = YES;
				CLANG_WARN_BOOL_CONVERSION = YES;
				CLANG_WARN_CONSTANT_CONVERSION = YES;
				CLANG_WARN_DIRECT_OBJC_ISA_USAGE = YES_ERROR;
				CLANG_WARN_DOCUMENTATION_COMMENTS = YES;
				CLANG_WARN_EMPTY_BODY = YES;
				CLANG_WARN_ENUM_CONVERSION = YES;
				CLANG_WARN_INFINITE_RECURSION = YES;
				CLANG_WARN_INT_CONVERSION = YES;
				CLANG_WARN_OBJC_ROOT_CLASS = YES_ERROR;
				CLANG_WARN_SUSPICIOUS_MOVE = YES;
				CLANG_WARN_UNREACHABLE_CODE = YES;
				CLANG_WARN__DUPLICATE_METHOD_MATCH = YES;
				"CODE_SIGN_IDENTITY[sdk=iphoneos*]" = "iPhone Developer";
				COPY_PHASE_STRIP = NO;
				DEBUG_INFORMATION_FORMAT = "dwarf-with-dsym";
				ENABLE_NS_ASSERTIONS = NO;
				ENABLE_STRICT_OBJC_MSGSEND = YES;
				GCC_C_LANGUAGE_STANDARD = gnu99;
				GCC_NO_COMMON_BLOCKS = YES;
				GCC_WARN_64_TO_32_BIT_CONVERSION = YES;
				GCC_WARN_ABOUT_RETURN_TYPE = YES_ERROR;
				GCC_WARN_UNDECLARED_SELECTOR = YES;
				GCC_WARN_UNINITIALIZED_AUTOS = YES_AGGRESSIVE;
				GCC_WARN_UNUSED_FUNCTION = YES;
				GCC_WARN_UNUSED_VARIABLE = YES;
				IPHONEOS_DEPLOYMENT_TARGET = 10.3;
				MTL_ENABLE_DEBUG_INFO = NO;
				SDKROOT = iphoneos;
				SWIFT_OPTIMIZATION_LEVEL = "-Owholemodule";
				TARGETED_DEVICE_FAMILY = "1,2";
				VALIDATE_PRODUCT = YES;
			};
			name = Release;
		};
		97705D241EF9B2C90015B1EC /* Debug */ = {
			isa = XCBuildConfiguration;
			buildSettings = {
				ASSETCATALOG_COMPILER_APPICON_NAME = AppIcon;
				DEVELOPMENT_TEAM = RT5RW3DL77;
				INFOPLIST_FILE = "TODO LIST/Info.plist";
				LD_RUNPATH_SEARCH_PATHS = "$(inherited) @executable_path/Frameworks";
				PRODUCT_BUNDLE_IDENTIFIER = "br.com.bepiducb.ifm.TODO-LIST";
				PRODUCT_NAME = "$(TARGET_NAME)";
				SWIFT_VERSION = 3.0;
			};
			name = Debug;
		};
		97705D251EF9B2C90015B1EC /* Release */ = {
			isa = XCBuildConfiguration;
			buildSettings = {
				ASSETCATALOG_COMPILER_APPICON_NAME = AppIcon;
				DEVELOPMENT_TEAM = RT5RW3DL77;
				INFOPLIST_FILE = "TODO LIST/Info.plist";
				LD_RUNPATH_SEARCH_PATHS = "$(inherited) @executable_path/Frameworks";
				PRODUCT_BUNDLE_IDENTIFIER = "br.com.bepiducb.ifm.TODO-LIST";
				PRODUCT_NAME = "$(TARGET_NAME)";
				SWIFT_VERSION = 3.0;
			};
			name = Release;
		};
/* End XCBuildConfiguration section */

/* Begin XCConfigurationList section */
		97705D0C1EF9B2C90015B1EC /* Build configuration list for PBXProject "TODO LIST" */ = {
			isa = XCConfigurationList;
			buildConfigurations = (
				97705D211EF9B2C90015B1EC /* Debug */,
				97705D221EF9B2C90015B1EC /* Release */,
			);
			defaultConfigurationIsVisible = 0;
			defaultConfigurationName = Release;
		};
		97705D231EF9B2C90015B1EC /* Build configuration list for PBXNativeTarget "TODO LIST" */ = {
			isa = XCConfigurationList;
			buildConfigurations = (
				97705D241EF9B2C90015B1EC /* Debug */,
				97705D251EF9B2C90015B1EC /* Release */,
			);
			defaultConfigurationIsVisible = 0;
		};
/* End XCConfigurationList section */
	};
	rootObject = 97705D091EF9B2C90015B1EC /* Project object */;
}
